{
  "R": {
    "Version": "4.3.2",
    "Repositories": [
      {
        "Name": "CRAN",
        "URL": "https://p3m.dev/cran/latest"
      }
    ]
  },
  "Bioconductor": {
    "Version": "3.18"
  },
  "Packages": {
    "ALL": {
      "Package": "ALL",
      "Version": "1.44.0",
      "Source": "Bioconductor",
      "Requirements": [
        "Biobase",
        "R"
      ],
      "Hash": "a25785a77a761fe3b33839ca4631b14b"
    },
    "AnnotationDbi": {
      "Package": "AnnotationDbi",
      "Version": "1.64.1",
      "Source": "Bioconductor",
      "Requirements": [
        "Biobase",
        "BiocGenerics",
        "DBI",
        "IRanges",
        "KEGGREST",
        "R",
        "RSQLite",
        "S4Vectors",
        "methods",
        "stats",
        "stats4"
      ],
      "Hash": "27587689922e22f60ec9ad0182a0a825"
    },
    "AnnotationFilter": {
      "Package": "AnnotationFilter",
      "Version": "1.26.0",
      "Source": "Bioconductor",
      "Requirements": [
        "GenomicRanges",
        "R",
        "lazyeval",
        "methods",
        "utils"
      ],
      "Hash": "759acec0b1522c1a85c6ba703d4c0ec5"
    },
    "AnnotationHub": {
      "Package": "AnnotationHub",
      "Version": "3.10.0",
      "Source": "Bioconductor",
      "Requirements": [
        "AnnotationDbi",
        "BiocFileCache",
        "BiocGenerics",
        "BiocManager",
        "BiocVersion",
        "RSQLite",
        "S4Vectors",
        "curl",
        "dplyr",
        "grDevices",
        "httr",
        "interactiveDisplayBase",
        "methods",
        "rappdirs",
        "utils",
        "yaml"
      ],
      "Hash": "a25fbabd5d4c7bf62d7149443b21a35d"
    },
    "BH": {
      "Package": "BH",
      "Version": "1.84.0-0",
      "Source": "Repository",
      "Repository": "RSPM",
      "Hash": "a8235afbcd6316e6e91433ea47661013"
    },
    "Biobase": {
      "Package": "Biobase",
      "Version": "2.62.0",
      "Source": "Bioconductor",
      "Requirements": [
        "BiocGenerics",
        "R",
        "methods",
        "utils"
      ],
      "Hash": "38252a34e82d3ff6bb46b4e2252d2dce"
    },
    "BiocFileCache": {
      "Package": "BiocFileCache",
      "Version": "2.10.2",
      "Source": "Bioconductor",
      "Repository": "Bioconductor 3.18",
      "Requirements": [
        "DBI",
        "R",
        "RSQLite",
        "curl",
        "dbplyr",
        "dplyr",
        "filelock",
        "httr",
        "methods",
        "stats",
        "utils"
      ],
      "Hash": "d59a927de08cce606299009cc595b2cb"
    },
    "BiocGenerics": {
      "Package": "BiocGenerics",
      "Version": "0.48.1",
      "Source": "Bioconductor",
      "Requirements": [
        "R",
        "graphics",
        "methods",
        "stats",
        "utils"
      ],
      "Hash": "e34278c65d7dffcc08f737bf0944ca9a"
    },
    "BiocIO": {
      "Package": "BiocIO",
      "Version": "1.12.0",
      "Source": "Bioconductor",
      "Requirements": [
        "BiocGenerics",
        "R",
        "S4Vectors",
        "methods",
        "tools"
      ],
      "Hash": "aa543468283543c9a8dad23a4897be96"
    },
    "BiocManager": {
      "Package": "BiocManager",
      "Version": "1.30.22",
      "Source": "Repository",
      "Repository": "RSPM",
      "Requirements": [
        "utils"
      ],
      "Hash": "d57e43105a1aa9cb54fdb4629725acb1"
    },
    "BiocNeighbors": {
      "Package": "BiocNeighbors",
      "Version": "1.20.2",
      "Source": "Bioconductor",
      "Repository": "Bioconductor 3.18",
      "Requirements": [
        "BiocParallel",
        "Matrix",
        "Rcpp",
        "RcppHNSW",
        "S4Vectors",
        "methods",
        "stats"
      ],
      "Hash": "c5c8ade5852fd3b25c66ec28873d00f1"
    },
    "BiocParallel": {
      "Package": "BiocParallel",
      "Version": "1.36.0",
      "Source": "Bioconductor",
      "Requirements": [
        "BH",
        "R",
        "codetools",
        "cpp11",
        "futile.logger",
        "methods",
        "parallel",
        "snow",
        "stats",
        "utils"
      ],
      "Hash": "6d1689ee8b65614ba6ef4012a67b663a"
    },
    "BiocSingular": {
      "Package": "BiocSingular",
      "Version": "1.18.0",
      "Source": "Bioconductor",
      "Requirements": [
        "BiocGenerics",
        "BiocParallel",
        "DelayedArray",
        "Matrix",
        "Rcpp",
        "S4Vectors",
        "ScaledMatrix",
        "beachmat",
        "irlba",
        "methods",
        "rsvd",
        "utils"
      ],
      "Hash": "bed2b7ea3b0b0b31387d1d80286abb97"
    },
    "BiocVersion": {
      "Package": "BiocVersion",
      "Version": "3.18.1",
      "Source": "Bioconductor",
      "Requirements": [
        "R"
      ],
      "Hash": "2ecaed86684f5fae76ed5530f9d29c4a"
    },
    "Biostrings": {
      "Package": "Biostrings",
      "Version": "2.70.3",
      "Source": "Bioconductor",
      "Repository": "Bioconductor 3.18",
      "Requirements": [
        "BiocGenerics",
        "GenomeInfoDb",
        "IRanges",
        "R",
        "S4Vectors",
        "XVector",
        "crayon",
        "grDevices",
        "graphics",
        "methods",
        "stats",
        "utils"
      ],
      "Hash": "86ffa781f132f54e9c963a13fd6cf9fc"
    },
    "ClusterR": {
      "Package": "ClusterR",
      "Version": "1.3.2",
      "Source": "Repository",
      "Repository": "RSPM",
      "Requirements": [
        "R",
        "Rcpp",
        "RcppArmadillo",
        "ggplot2",
        "gmp",
        "grDevices",
        "graphics",
        "lifecycle",
        "stats",
        "utils"
      ],
      "Hash": "1ffb3bf92c87ddb69e93b28affd036dd"
    },
    "ComplexHeatmap": {
      "Package": "ComplexHeatmap",
      "Version": "2.18.0",
      "Source": "Bioconductor",
      "Requirements": [
        "GetoptLong",
        "GlobalOptions",
        "IRanges",
        "R",
        "RColorBrewer",
        "circlize",
        "clue",
        "codetools",
        "colorspace",
        "digest",
        "doParallel",
        "foreach",
        "grDevices",
        "graphics",
        "grid",
        "matrixStats",
        "methods",
        "png",
        "stats"
      ],
      "Hash": "fd8d03c43e175afce12c1012711a05cc"
    },
    "ConsensusClusterPlus": {
      "Package": "ConsensusClusterPlus",
      "Version": "1.66.0",
      "Source": "Bioconductor",
      "Requirements": [
        "ALL",
        "Biobase",
        "cluster",
        "graphics",
        "stats",
        "utils"
      ],
      "Hash": "69d3cd404389117e88215a843d332c93"
    },
    "DBI": {
      "Package": "DBI",
      "Version": "1.2.2",
      "Source": "Repository",
      "Repository": "RSPM",
      "Requirements": [
        "R",
        "methods"
      ],
      "Hash": "164809cd72e1d5160b4cb3aa57f510fe"
    },
    "DEGreport": {
      "Package": "DEGreport",
      "Version": "1.38.5",
      "Source": "Bioconductor",
      "Repository": "Bioconductor 3.18",
      "Requirements": [
        "Biobase",
        "BiocGenerics",
        "ComplexHeatmap",
        "ConsensusClusterPlus",
        "DESeq2",
        "R",
        "RColorBrewer",
        "S4Vectors",
        "SummarizedExperiment",
        "broom",
        "circlize",
        "cluster",
        "cowplot",
        "dendextend",
        "dplyr",
        "edgeR",
        "ggdendro",
        "ggplot2",
        "ggrepel",
        "grDevices",
        "grid",
        "knitr",
        "logging",
        "magrittr",
        "methods",
        "psych",
        "reshape",
        "rlang",
        "scales",
        "stats",
        "stringi",
        "stringr",
        "tibble",
        "tidyr",
        "utils"
      ],
      "Hash": "128a484558bc56b0c9ff6eee08c7becf"
    },
    "DESeq2": {
      "Package": "DESeq2",
      "Version": "1.42.1",
      "Source": "Bioconductor",
      "Repository": "Bioconductor 3.18",
      "Requirements": [
        "Biobase",
        "BiocGenerics",
        "BiocParallel",
        "GenomicRanges",
        "IRanges",
        "MatrixGenerics",
        "Rcpp",
        "RcppArmadillo",
        "S4Vectors",
        "SummarizedExperiment",
        "ggplot2",
        "locfit",
        "matrixStats",
        "methods",
        "stats4"
      ],
      "Hash": "39ce3d1e4fe223602fd27d2ae92c8535"
    },
    "slingshot": {
      "Package": "slingshot",
      "Version": "2.10.0",
      "Source": "Bioconductor",
      "Requirements": [
        "R",
        "S4Vectors",
        "SingleCellExperiment",
        "SummarizedExperiment",
        "TrajectoryUtils",
        "grDevices",
        "graphics",
        "igraph",
        "matrixStats",
        "methods",
        "princurve",
        "stats"
      ],
      "Hash": "371f1f03d8e64657f5723882da3e5a24"
    },
    "sn": {
      "Package": "sn",
      "Version": "2.1.1",
      "Source": "Repository",
      "Repository": "RSPM",
      "Requirements": [
        "R",
        "methods",
        "mnormt",
        "numDeriv",
        "quantreg",
        "stats4",
        "utils"
      ],
      "Hash": "a712c6e210dd94cc2bb947c7c1c48699"
    },
    "snow": {
      "Package": "snow",
      "Version": "0.4-4",
      "Source": "Repository",
      "Repository": "RSPM",
      "Requirements": [
        "R",
        "utils"
      ],
      "Hash": "40b74690debd20c57d93d8c246b305d4"
    },
    "softImpute": {
      "Package": "softImpute",
      "Version": "1.4-1",
      "Source": "Repository",
      "Repository": "RSPM",
      "Requirements": [
        "Matrix",
        "methods"
      ],
      "Hash": "693dea922bd2e79dcc65d3b9c1d14c47"
    },
    "sourcetools": {
      "Package": "sourcetools",
      "Version": "0.1.7-1",
      "Source": "Repository",
      "Repository": "RSPM",
      "Requirements": [
        "R"
      ],
      "Hash": "5f5a7629f956619d519205ec475fe647"
    },
    "sp": {
      "Package": "sp",
      "Version": "2.1-3",
      "Source": "Repository",
      "Repository": "RSPM",
      "Requirements": [
        "R",
        "grDevices",
        "graphics",
        "grid",
        "lattice",
        "methods",
        "stats",
        "utils"
      ],
      "Hash": "1a0cc0cec2915700e63fd0921085cf6a"
    },
    "spam": {
      "Package": "spam",
      "Version": "2.10-0",
      "Source": "Repository",
      "Repository": "RSPM",
      "Requirements": [
        "R",
        "Rcpp",
        "dotCall64",
        "grid",
        "methods"
      ],
      "Hash": "ffe1f9e95a4375530747b268f82b5086"
    },
    "sparseMatrixStats": {
      "Package": "sparseMatrixStats",
      "Version": "1.14.0",
      "Source": "Bioconductor",
      "Requirements": [
        "Matrix",
        "MatrixGenerics",
        "Rcpp",
        "matrixStats",
        "methods"
      ],
      "Hash": "49383d0f6c6152ff7cb594f254c23cc8"
    },
    "sparsesvd": {
      "Package": "sparsesvd",
      "Version": "0.2-2",
      "Source": "Repository",
      "Repository": "RSPM",
      "Requirements": [
        "Matrix",
        "R",
        "methods"
      ],
      "Hash": "5748ba7788e9a81a31f3dc9e0f09dca4"
    },
    "spatial": {
      "Package": "spatial",
      "Version": "7.3-17",
      "Source": "Repository",
      "Repository": "CRAN",
      "Requirements": [
        "R",
        "graphics",
        "stats",
        "utils"
      ],
      "Hash": "1229a01b4ec059e9f2396724f2ec9010"
    },
    "spatstat.data": {
      "Package": "spatstat.data",
      "Version": "3.0-4",
      "Source": "Repository",
      "Repository": "RSPM",
      "Requirements": [
        "Matrix",
        "R",
        "spatstat.utils"
      ],
      "Hash": "114a35341cb4955e1b8d30e28ec356c6"
    },
    "spatstat.explore": {
      "Package": "spatstat.explore",
      "Version": "3.2-7",
      "Source": "Repository",
      "Repository": "RSPM",
      "Requirements": [
        "Matrix",
        "R",
        "abind",
        "goftest",
        "grDevices",
        "graphics",
        "methods",
        "nlme",
        "spatstat.data",
        "spatstat.geom",
        "spatstat.random",
        "spatstat.sparse",
        "spatstat.utils",
        "stats",
        "utils"
      ],
      "Hash": "b590c5d278d0606d53278afac666ad60"
    },
    "spatstat.geom": {
      "Package": "spatstat.geom",
      "Version": "3.2-9",
      "Source": "Repository",
      "Repository": "RSPM",
      "Requirements": [
        "R",
        "deldir",
        "grDevices",
        "graphics",
        "methods",
        "polyclip",
        "spatstat.data",
        "spatstat.utils",
        "stats",
        "utils"
      ],
      "Hash": "96b9f23da42d16660aa6d136ad99cf5f"
    },
    "spatstat.random": {
      "Package": "spatstat.random",
      "Version": "3.2-3",
      "Source": "Repository",
      "Repository": "RSPM",
      "Requirements": [
        "R",
        "grDevices",
        "methods",
        "spatstat.data",
        "spatstat.geom",
        "spatstat.utils",
        "stats",
        "utils"
      ],
      "Hash": "01aff260c49550e820a47d97e566af6a"
    },
    "spatstat.sparse": {
      "Package": "spatstat.sparse",
      "Version": "3.0-3",
      "Source": "Repository",
      "Repository": "RSPM",
      "Requirements": [
        "Matrix",
        "R",
        "abind",
        "methods",
        "spatstat.utils",
        "stats",
        "tensor",
        "utils"
      ],
      "Hash": "1daaecefd754bb259a5ad5ce95a2cdcc"
    },
    "spatstat.utils": {
      "Package": "spatstat.utils",
      "Version": "3.0-4",
      "Source": "Repository",
      "Repository": "RSPM",
      "Requirements": [
        "R",
        "grDevices",
        "graphics",
        "methods",
        "stats",
        "utils"
      ],
      "Hash": "81d929f43f8532c1f8180a105449d414"
    },
    "statmod": {
      "Package": "statmod",
      "Version": "1.5.0",
      "Source": "Repository",
      "Repository": "RSPM",
      "Requirements": [
        "R",
        "graphics",
        "stats"
      ],
      "Hash": "26e158d12052c279bdd4ba858b80fb1f"
    },
    "stringi": {
      "Package": "stringi",
      "Version": "1.8.3",
      "Source": "Repository",
      "Repository": "RSPM",
      "Requirements": [
        "R",
        "stats",
        "tools",
        "utils"
      ],
      "Hash": "058aebddea264f4c99401515182e656a"
    },
    "stringr": {
      "Package": "stringr",
      "Version": "1.5.1",
      "Source": "Repository",
      "Repository": "RSPM",
      "Requirements": [
        "R",
        "cli",
        "glue",
        "lifecycle",
        "magrittr",
        "rlang",
        "stringi",
        "vctrs"
      ],
      "Hash": "960e2ae9e09656611e0b8214ad543207"
    },
    "survival": {
      "Package": "survival",
      "Version": "3.5-7",
      "Source": "Repository",
      "Repository": "CRAN",
      "Requirements": [
        "Matrix",
        "R",
        "graphics",
        "methods",
        "splines",
        "stats",
        "utils"
      ],
      "Hash": "b8e943d262c3da0b0febd3e04517c197"
    },
    "sys": {
      "Package": "sys",
      "Version": "3.4.2",
      "Source": "Repository",
      "Repository": "RSPM",
      "Hash": "3a1be13d68d47a8cd0bfd74739ca1555"
    },
    "systemfonts": {
      "Package": "systemfonts",
      "Version": "1.0.6",
      "Source": "Repository",
      "Repository": "RSPM",
      "Requirements": [
        "R",
        "cpp11"
      ],
      "Hash": "6d538cff441f0f1f36db2209ac7495ac"
    },
    "tensor": {
      "Package": "tensor",
      "Version": "1.5",
      "Source": "Repository",
      "Repository": "RSPM",
      "Hash": "25cfab6cf405c15bccf7e69ec39df090"
    },
    "tester": {
      "Package": "tester",
      "Version": "0.2.0",
      "Source": "Repository",
      "Repository": "RSPM",
      "Requirements": [
        "R"
      ],
      "Hash": "b17915325ad4564487774b4b5502c7b3"
    },
    "testthat": {
      "Package": "testthat",
      "Version": "3.2.1",
      "Source": "Repository",
      "Repository": "RSPM",
      "Requirements": [
        "R",
        "R6",
        "brio",
        "callr",
        "cli",
        "desc",
        "digest",
        "evaluate",
        "jsonlite",
        "lifecycle",
        "magrittr",
        "methods",
        "pkgload",
        "praise",
        "processx",
        "ps",
        "rlang",
        "utils",
        "waldo",
        "withr"
      ],
      "Hash": "4767a686ebe986e6cb01d075b3f09729"
    },
    "textshaping": {
      "Package": "textshaping",
      "Version": "0.3.7",
      "Source": "Repository",
      "Repository": "RSPM",
      "Requirements": [
        "R",
        "cpp11",
        "systemfonts"
      ],
      "Hash": "997aac9ad649e0ef3b97f96cddd5622b"
    },
    "tibble": {
      "Package": "tibble",
      "Version": "3.2.1",
      "Source": "Repository",
      "Repository": "RSPM",
      "Requirements": [
        "R",
        "fansi",
        "lifecycle",
        "magrittr",
        "methods",
        "pillar",
        "pkgconfig",
        "rlang",
        "utils",
        "vctrs"
      ],
      "Hash": "a84e2cc86d07289b3b6f5069df7a004c"
    },
    "tidygraph": {
      "Package": "tidygraph",
      "Version": "1.3.1",
      "Source": "Repository",
      "Repository": "RSPM",
      "Requirements": [
        "R6",
        "cli",
        "cpp11",
        "dplyr",
        "igraph",
        "lifecycle",
        "magrittr",
        "pillar",
        "rlang",
        "stats",
        "tibble",
        "tidyr",
        "tools",
        "utils"
      ],
      "Hash": "2149824d406f233b57b087be72c5f163"
    },
    "tidyr": {
      "Package": "tidyr",
      "Version": "1.3.1",
      "Source": "Repository",
      "Repository": "RSPM",
      "Requirements": [
        "R",
        "cli",
        "cpp11",
        "dplyr",
        "glue",
        "lifecycle",
        "magrittr",
        "purrr",
        "rlang",
        "stringr",
        "tibble",
        "tidyselect",
        "utils",
        "vctrs"
      ],
      "Hash": "915fb7ce036c22a6a33b5a8adb712eb1"
    },
    "tidyselect": {
      "Package": "tidyselect",
      "Version": "1.2.1",
      "Source": "Repository",
      "Repository": "RSPM",
      "Requirements": [
        "R",
        "cli",
        "glue",
        "lifecycle",
        "rlang",
        "vctrs",
        "withr"
      ],
      "Hash": "829f27b9c4919c16b593794a6344d6c0"
    },
    "tidytree": {
      "Package": "tidytree",
      "Version": "0.4.6",
      "Source": "Repository",
      "Repository": "RSPM",
      "Requirements": [
        "R",
        "ape",
        "cli",
        "dplyr",
        "lazyeval",
        "magrittr",
        "methods",
        "pillar",
        "rlang",
        "tibble",
        "tidyr",
        "tidyselect",
        "yulab.utils"
      ],
      "Hash": "a700d295c0eff82fbce42eac067bb89d"
    },
    "tidyverse": {
      "Package": "tidyverse",
      "Version": "2.0.0",
      "Source": "Repository",
      "Repository": "RSPM",
      "Requirements": [
        "R",
        "broom",
        "cli",
        "conflicted",
        "dbplyr",
        "dplyr",
        "dtplyr",
        "forcats",
        "ggplot2",
        "googledrive",
        "googlesheets4",
        "haven",
        "hms",
        "httr",
        "jsonlite",
        "lubridate",
        "magrittr",
        "modelr",
        "pillar",
        "purrr",
        "ragg",
        "readr",
        "readxl",
        "reprex",
        "rlang",
        "rstudioapi",
        "rvest",
        "stringr",
        "tibble",
        "tidyr",
        "xml2"
      ],
      "Hash": "c328568cd14ea89a83bd4ca7f54ae07e"
    },
    "timechange": {
      "Package": "timechange",
      "Version": "0.3.0",
      "Source": "Repository",
      "Repository": "RSPM",
      "Requirements": [
        "R",
        "cpp11"
      ],
      "Hash": "c5f3c201b931cd6474d17d8700ccb1c8"
    },
    "tinytex": {
      "Package": "tinytex",
      "Version": "0.50",
      "Source": "Repository",
      "Repository": "RSPM",
      "Requirements": [
        "xfun"
      ],
      "Hash": "be7a76845222ad20adb761f462eed3ea"
    },
    "treeio": {
      "Package": "treeio",
      "Version": "1.27.0.002",
      "Source": "GitHub",
      "RemoteType": "github",
      "RemoteHost": "api.github.com",
      "RemoteUsername": "GuangchuangYu",
      "RemoteRepo": "treeio",
      "RemoteRef": "devel",
      "RemoteSha": "f6686330e437867add5dc80ef2e5db85c866c6c3",
      "Requirements": [
        "R",
        "ape",
        "dplyr",
        "jsonlite",
        "magrittr",
        "methods",
        "rlang",
        "stats",
        "tibble",
        "tidytree",
        "utils",
        "yulab.utils"
      ],
      "Hash": "545643f9a451c86eea21504c2ac59b3b"
    },
    "tweenr": {
      "Package": "tweenr",
      "Version": "2.0.3",
      "Source": "Repository",
      "Repository": "RSPM",
      "Requirements": [
        "R",
        "cpp11",
        "farver",
        "magrittr",
        "rlang",
        "vctrs"
      ],
      "Hash": "82fac2b73e6a1f3874fc000aaf96d8bc"
    },
    "tximport": {
      "Package": "tximport",
      "Version": "1.30.0",
      "Source": "Bioconductor",
      "Requirements": [
        "methods",
        "stats",
        "utils"
      ],
      "Hash": "6e9621b0f1bf9398255f32c7000a7e16"
    },
    "tzdb": {
      "Package": "tzdb",
      "Version": "0.4.0",
      "Source": "Repository",
      "Repository": "RSPM",
      "Requirements": [
        "R",
        "cpp11"
      ],
      "Hash": "f561504ec2897f4d46f0c7657e488ae1"
    },
    "utf8": {
      "Package": "utf8",
      "Version": "1.2.4",
      "Source": "Repository",
      "Repository": "RSPM",
      "Requirements": [
        "R"
      ],
      "Hash": "62b65c52671e6665f803ff02954446e9"
    },
    "uuid": {
      "Package": "uuid",
      "Version": "1.2-0",
      "Source": "Repository",
      "Repository": "RSPM",
      "Requirements": [
        "R"
      ],
      "Hash": "303c19bfd970bece872f93a824e323d9"
    },
    "uwot": {
      "Package": "uwot",
      "Version": "0.1.16",
      "Source": "Repository",
      "Repository": "RSPM",
      "Requirements": [
        "FNN",
        "Matrix",
        "Rcpp",
        "RcppAnnoy",
        "RcppProgress",
        "dqrng",
        "irlba",
        "methods"
      ],
      "Hash": "252deaa1c1d6d3da6946694243781ea3"
    },
    "vctrs": {
      "Package": "vctrs",
      "Version": "0.6.5",
      "Source": "Repository",
      "Repository": "RSPM",
      "Requirements": [
        "R",
        "cli",
        "glue",
        "lifecycle",
        "rlang"
      ],
      "Hash": "c03fa420630029418f7e6da3667aac4a"
    },
    "vipor": {
      "Package": "vipor",
      "Version": "0.4.7",
      "Source": "Repository",
      "Repository": "RSPM",
      "Requirements": [
        "R",
        "graphics",
        "stats"
      ],
      "Hash": "86493c62c14eb78140f1725003958a77"
    },
    "viridis": {
      "Package": "viridis",
      "Version": "0.6.5",
      "Source": "Repository",
      "Repository": "RSPM",
      "Requirements": [
        "R",
        "ggplot2",
        "gridExtra",
        "viridisLite"
      ],
      "Hash": "acd96d9fa70adeea4a5a1150609b9745"
    },
    "viridisLite": {
      "Package": "viridisLite",
      "Version": "0.4.2",
      "Source": "Repository",
      "Repository": "RSPM",
      "Requirements": [
        "R"
      ],
      "Hash": "c826c7c4241b6fc89ff55aaea3fa7491"
    },
    "vroom": {
      "Package": "vroom",
      "Version": "1.6.5",
      "Source": "Repository",
      "Repository": "RSPM",
      "Requirements": [
        "R",
        "bit64",
        "cli",
        "cpp11",
        "crayon",
        "glue",
        "hms",
        "lifecycle",
        "methods",
        "progress",
        "rlang",
        "stats",
        "tibble",
        "tidyselect",
        "tzdb",
        "vctrs",
        "withr"
      ],
      "Hash": "390f9315bc0025be03012054103d227c"
    },
    "vsn": {
      "Package": "vsn",
      "Version": "3.70.0",
      "Source": "Bioconductor",
      "Requirements": [
        "Biobase",
        "R",
        "affy",
        "ggplot2",
        "lattice",
        "limma",
        "methods"
      ],
      "Hash": "cd77c1e57dedbaa1aaa0fb35f1a72ff0"
    },
    "waldo": {
      "Package": "waldo",
      "Version": "0.5.2",
      "Source": "Repository",
      "Repository": "RSPM",
      "Requirements": [
        "R",
        "cli",
        "diffobj",
        "fansi",
        "glue",
        "methods",
        "rematch2",
        "rlang",
        "tibble"
      ],
      "Hash": "c7d3fd6d29ab077cbac8f0e2751449e6"
    },
    "withr": {
      "Package": "withr",
      "Version": "3.0.0",
      "Source": "Repository",
      "Repository": "RSPM",
      "Requirements": [
        "R",
        "grDevices",
        "graphics"
      ],
      "Hash": "d31b6c62c10dcf11ec530ca6b0dd5d35"
    },
    "xfun": {
      "Package": "xfun",
      "Version": "0.43",
      "Source": "Repository",
      "Repository": "RSPM",
      "Requirements": [
        "grDevices",
        "stats",
        "tools"
      ],
      "Hash": "ab6371d8653ce5f2f9290f4ec7b42a8e"
    },
    "xml2": {
      "Package": "xml2",
      "Version": "1.3.6",
      "Source": "Repository",
      "Repository": "RSPM",
      "Requirements": [
        "R",
        "cli",
        "methods",
        "rlang"
      ],
      "Hash": "1d0336142f4cd25d8d23cd3ba7a8fb61"
    },
    "xtable": {
      "Package": "xtable",
      "Version": "1.8-4",
      "Source": "Repository",
      "Repository": "RSPM",
      "Requirements": [
        "R",
        "stats",
        "utils"
      ],
      "Hash": "b8acdf8af494d9ec19ccb2481a9b11c2"
    },
    "yaml": {
      "Package": "yaml",
      "Version": "2.3.8",
      "Source": "Repository",
      "Repository": "RSPM",
      "Hash": "29240487a071f535f5e5d5a323b7afbd"
    },
    "yulab.utils": {
      "Package": "yulab.utils",
      "Version": "0.1.4",
      "Source": "Repository",
      "Repository": "RSPM",
      "Requirements": [
        "cli",
        "digest",
        "fs",
        "memoise",
        "rlang",
        "stats",
        "tools",
        "utils"
      ],
      "Hash": "60ee2aaa179dc282e9fa7367bad76e89"
    },
    "zinbwave": {
      "Package": "zinbwave",
      "Version": "1.24.0",
      "Source": "Bioconductor",
      "Requirements": [
        "BiocParallel",
        "Matrix",
        "R",
        "SingleCellExperiment",
        "SummarizedExperiment",
        "edgeR",
        "genefilter",
        "methods",
        "softImpute",
        "stats"
      ],
      "Hash": "9242e45dde4c6ccc6e1bdb15f407dd99"
    },
    "zlibbioc": {
      "Package": "zlibbioc",
      "Version": "1.48.2",
      "Source": "Bioconductor",
      "Repository": "Bioconductor 3.18",
      "Hash": "2344be62c2da4d9e9942b5d8db346e59"
    },
    "zoo": {
      "Package": "zoo",
      "Version": "1.8-12",
      "Source": "Repository",
      "Repository": "RSPM",
      "Requirements": [
        "R",
        "grDevices",
        "graphics",
        "lattice",
        "stats",
        "utils"
      ],
      "Hash": "5c715954112b45499fb1dadc6ee6ee3e"
    }
  }
}
