{
  "R": {
    "Version": "4.3.2",
    "Repositories": [
      {
        "Name": "CRAN",
        "URL": "https://p3m.dev/cran/latest"
      }
    ]
  },    "DoubletFinder": {
      "Package": "DoubletFinder",
      "Version": "2.0.3",
      "Source": "GitHub",
      "RemoteType": "github",
      "RemoteHost": "api.github.com",
      "RemoteUsername": "SamueleSoraggi",
      "RemoteRepo": "DoubletFinder",
      "RemoteRef": "master",
      "RemoteSha": "a0c90832ecb1bfddd615e28e059e7ac3403b36b6",
      "Requirements": [
        "KernSmooth",
        "ROCR",
        "fields",
        "parallel"
      ],
      "Hash": "008a5e48aac2c3e3ab1dbac0df9bde1a"
    }
  }

